Microsoft Visual Studio Solution File, Format Version 11.00
# Visual Studio 2008

Project("{4C413DFE-8375-E0E2-89EF-17DD5B1DF28F}") = "Learning1", "Assembly-CSharp.csproj", "{D72E58E1-0636-89A8-B0BE-E816C5A8BF52}"
EndProject
Global
	GlobalSection(SolutionConfigurationPlatforms) = preSolution
		Debug|Any CPU = Debug|Any CPU
		Release|Any CPU = Release|Any CPU
	EndGlobalSection
	GlobalSection(ProjectConfigurationPlatforms) = postSolution
		{D72E58E1-0636-89A8-B0BE-E816C5A8BF52}.Debug|Any CPU.ActiveCfg = Debug|Any CPU
		{D72E58E1-0636-89A8-B0BE-E816C5A8BF52}.Debug|Any CPU.Build.0 = Debug|Any CPU
		{D72E58E1-0636-89A8-B0BE-E816C5A8BF52}.Release|Any CPU.ActiveCfg = Release|Any CPU
		{D72E58E1-0636-89A8-B0BE-E816C5A8BF52}.Release|Any CPU.Build.0 = Release|Any CPU
	EndGlobalSection
	GlobalSection(SolutionProperties) = preSolution
		HideSolutionNode = FALSE
	EndGlobalSection
	GlobalSection(MonoDevelopProperties) = preSolution
		StartupItem = Assembly-CSharp.csproj
	EndGlobalSection
EndGlobal
